// !$*UTF8*$!
{
	archiveVersion = 1;
	classes = {
	};
	objectVersion = 50;
	objects = {

/* Begin PBXBuildFile section */
		B5ACBC2620ACA38E00D01E49 /* NSString+CredentialValidation.m in Sources */ = {isa = PBXBuildFile; fileRef = B5ACBC2520ACA38E00D01E49 /* NSString+CredentialValidation.m */; };
		B5C1713120AB853B00BD9A6F /* AppDelegate.m in Sources */ = {isa = PBXBuildFile; fileRef = B5C1713020AB853B00BD9A6F /* AppDelegate.m */; };
		B5C1713420AB853B00BD9A6F /* LoginViewController.m in Sources */ = {isa = PBXBuildFile; fileRef = B5C1713320AB853B00BD9A6F /* LoginViewController.m */; };
		B5C1713720AB853B00BD9A6F /* Main.storyboard in Resources */ = {isa = PBXBuildFile; fileRef = B5C1713520AB853B00BD9A6F /* Main.storyboard */; };
		B5C1713920AB853E00BD9A6F /* Assets.xcassets in Resources */ = {isa = PBXBuildFile; fileRef = B5C1713820AB853E00BD9A6F /* Assets.xcassets */; };
		B5C1713C20AB853E00BD9A6F /* LaunchScreen.storyboard in Resources */ = {isa = PBXBuildFile; fileRef = B5C1713A20AB853E00BD9A6F /* LaunchScreen.storyboard */; };
		B5C1713F20AB853E00BD9A6F /* main.m in Sources */ = {isa = PBXBuildFile; fileRef = B5C1713E20AB853E00BD9A6F /* main.m */; };
		B5C1714920AB853E00BD9A6F /* Helping_HandTests.m in Sources */ = {isa = PBXBuildFile; fileRef = B5C1714820AB853E00BD9A6F /* Helping_HandTests.m */; };
		B5C1715420AB853E00BD9A6F /* Helping_HandUITests.m in Sources */ = {isa = PBXBuildFile; fileRef = B5C1715320AB853E00BD9A6F /* Helping_HandUITests.m */; };
		B5FEF58320ADD85C003287E0 /* MainViewController.m in Sources */ = {isa = PBXBuildFile; fileRef = B5FEF58220ADD85C003287E0 /* MainViewController.m */; };
		B5FEF58620ADD874003287E0 /* RegisterViewController.m in Sources */ = {isa = PBXBuildFile; fileRef = B5FEF58520ADD874003287E0 /* RegisterViewController.m */; };
		B5FEF58C20AF8F18003287E0 /* ServerController.m in Sources */ = {isa = PBXBuildFile; fileRef = B5FEF58B20AF8F18003287E0 /* ServerController.m */; };
/* End PBXBuildFile section */

/* Begin PBXContainerItemProxy section */
		B5C1714520AB853E00BD9A6F /* PBXContainerItemProxy */ = {
			isa = PBXContainerItemProxy;
			containerPortal = B5C1712420AB853B00BD9A6F /* Project object */;
			proxyType = 1;
			remoteGlobalIDString = B5C1712B20AB853B00BD9A6F;
			remoteInfo = "Helping Hand";
		};
		B5C1715020AB853E00BD9A6F /* PBXContainerItemProxy */ = {
			isa = PBXContainerItemProxy;
			containerPortal = B5C1712420AB853B00BD9A6F /* Project object */;
			proxyType = 1;
			remoteGlobalIDString = B5C1712B20AB853B00BD9A6F;
			remoteInfo = "Helping Hand";
		};
/* End PBXContainerItemProxy section */

/* Begin PBXFileReference section */
		B5ACBC2420ACA38E00D01E49 /* NSString+CredentialValidation.h */ = {isa = PBXFileReference; lastKnownFileType = sourcecode.c.h; path = "NSString+CredentialValidation.h"; sourceTree = "<group>"; };
		B5ACBC2520ACA38E00D01E49 /* NSString+CredentialValidation.m */ = {isa = PBXFileReference; lastKnownFileType = sourcecode.c.objc; path = "NSString+CredentialValidation.m"; sourceTree = "<group>"; };
		B5C1712C20AB853B00BD9A6F /* Helping Hand.app */ = {isa = PBXFileReference; explicitFileType = wrapper.application; includeInIndex = 0; path = "Helping Hand.app"; sourceTree = BUILT_PRODUCTS_DIR; };
		B5C1712F20AB853B00BD9A6F /* AppDelegate.h */ = {isa = PBXFileReference; lastKnownFileType = sourcecode.c.h; path = AppDelegate.h; sourceTree = "<group>"; };
		B5C1713020AB853B00BD9A6F /* AppDelegate.m */ = {isa = PBXFileReference; lastKnownFileType = sourcecode.c.objc; path = AppDelegate.m; sourceTree = "<group>"; };
		B5C1713220AB853B00BD9A6F /* LoginViewController.h */ = {isa = PBXFileReference; lastKnownFileType = sourcecode.c.h; path = LoginViewController.h; sourceTree = "<group>"; };
		B5C1713320AB853B00BD9A6F /* LoginViewController.m */ = {isa = PBXFileReference; lastKnownFileType = sourcecode.c.objc; path = LoginViewController.m; sourceTree = "<group>"; };
		B5C1713620AB853B00BD9A6F /* Base */ = {isa = PBXFileReference; lastKnownFileType = file.storyboard; name = Base; path = Base.lproj/Main.storyboard; sourceTree = "<group>"; };
		B5C1713820AB853E00BD9A6F /* Assets.xcassets */ = {isa = PBXFileReference; lastKnownFileType = folder.assetcatalog; path = Assets.xcassets; sourceTree = "<group>"; };
		B5C1713B20AB853E00BD9A6F /* Base */ = {isa = PBXFileReference; lastKnownFileType = file.storyboard; name = Base; path = Base.lproj/LaunchScreen.storyboard; sourceTree = "<group>"; };
		B5C1713D20AB853E00BD9A6F /* Info.plist */ = {isa = PBXFileReference; lastKnownFileType = text.plist.xml; path = Info.plist; sourceTree = "<group>"; };
		B5C1713E20AB853E00BD9A6F /* main.m */ = {isa = PBXFileReference; lastKnownFileType = sourcecode.c.objc; path = main.m; sourceTree = "<group>"; };
		B5C1714420AB853E00BD9A6F /* Helping HandTests.xctest */ = {isa = PBXFileReference; explicitFileType = wrapper.cfbundle; includeInIndex = 0; path = "Helping HandTests.xctest"; sourceTree = BUILT_PRODUCTS_DIR; };
		B5C1714820AB853E00BD9A6F /* Helping_HandTests.m */ = {isa = PBXFileReference; lastKnownFileType = sourcecode.c.objc; path = Helping_HandTests.m; sourceTree = "<group>"; };
		B5C1714A20AB853E00BD9A6F /* Info.plist */ = {isa = PBXFileReference; lastKnownFileType = text.plist.xml; path = Info.plist; sourceTree = "<group>"; };
		B5C1714F20AB853E00BD9A6F /* Helping HandUITests.xctest */ = {isa = PBXFileReference; explicitFileType = wrapper.cfbundle; includeInIndex = 0; path = "Helping HandUITests.xctest"; sourceTree = BUILT_PRODUCTS_DIR; };
		B5C1715320AB853E00BD9A6F /* Helping_HandUITests.m */ = {isa = PBXFileReference; lastKnownFileType = sourcecode.c.objc; path = Helping_HandUITests.m; sourceTree = "<group>"; };
		B5C1715520AB853E00BD9A6F /* Info.plist */ = {isa = PBXFileReference; lastKnownFileType = text.plist.xml; path = Info.plist; sourceTree = "<group>"; };
		B5FEF58120ADD85C003287E0 /* MainViewController.h */ = {isa = PBXFileReference; lastKnownFileType = sourcecode.c.h; path = MainViewController.h; sourceTree = "<group>"; };
		B5FEF58220ADD85C003287E0 /* MainViewController.m */ = {isa = PBXFileReference; lastKnownFileType = sourcecode.c.objc; path = MainViewController.m; sourceTree = "<group>"; };
		B5FEF58420ADD874003287E0 /* RegisterViewController.h */ = {isa = PBXFileReference; lastKnownFileType = sourcecode.c.h; path = RegisterViewController.h; sourceTree = "<group>"; };
		B5FEF58520ADD874003287E0 /* RegisterViewController.m */ = {isa = PBXFileReference; lastKnownFileType = sourcecode.c.objc; path = RegisterViewController.m; sourceTree = "<group>"; };
		B5FEF58A20AF8F18003287E0 /* ServerController.h */ = {isa = PBXFileReference; lastKnownFileType = sourcecode.c.h; path = ServerController.h; sourceTree = "<group>"; };
		B5FEF58B20AF8F18003287E0 /* ServerController.m */ = {isa = PBXFileReference; lastKnownFileType = sourcecode.c.objc; path = ServerController.m; sourceTree = "<group>"; };
/* End PBXFileReference section */

/* Begin PBXFrameworksBuildPhase section */
		B5C1712920AB853B00BD9A6F /* Frameworks */ = {
			isa = PBXFrameworksBuildPhase;
			buildActionMask = 2147483647;
			files = (
			);
			runOnlyForDeploymentPostprocessing = 0;
		};
		B5C1714120AB853E00BD9A6F /* Frameworks */ = {
			isa = PBXFrameworksBuildPhase;
			buildActionMask = 2147483647;
			files = (
			);
			runOnlyForDeploymentPostprocessing = 0;
		};
		B5C1714C20AB853E00BD9A6F /* Frameworks */ = {
			isa = PBXFrameworksBuildPhase;
			buildActionMask = 2147483647;
			files = (
			);
			runOnlyForDeploymentPostprocessing = 0;
		};
/* End PBXFrameworksBuildPhase section */

/* Begin PBXGroup section */
		B5ACBC1D20ACA19800D01E49 /* Models */ = {
			isa = PBXGroup;
			children = (
			);
			path = Models;
			sourceTree = "<group>";
		};
		B5ACBC1F20ACA1E200D01E49 /* Controllers */ = {
			isa = PBXGroup;
			children = (
				B5FEF58A20AF8F18003287E0 /* ServerController.h */,
				B5FEF58B20AF8F18003287E0 /* ServerController.m */,
			);
			path = Controllers;
			sourceTree = "<group>";
		};
		B5ACBC2020ACA1E900D01E49 /* ViewControllers */ = {
			isa = PBXGroup;
			children = (
				B5C1713220AB853B00BD9A6F /* LoginViewController.h */,
				B5C1713320AB853B00BD9A6F /* LoginViewController.m */,
				B5FEF58120ADD85C003287E0 /* MainViewController.h */,
				B5FEF58220ADD85C003287E0 /* MainViewController.m */,
				B5FEF58420ADD874003287E0 /* RegisterViewController.h */,
				B5FEF58520ADD874003287E0 /* RegisterViewController.m */,
			);
			path = ViewControllers;
			sourceTree = "<group>";
		};
		B5ACBC2120ACA1FA00D01E49 /* Resources */ = {
			isa = PBXGroup;
			children = (
				B5C1713820AB853E00BD9A6F /* Assets.xcassets */,
				B5C1713D20AB853E00BD9A6F /* Info.plist */,
				B5ACBC2220ACA24A00D01E49 /* Storyboards */,
			);
			path = Resources;
			sourceTree = "<group>";
		};
		B5ACBC2220ACA24A00D01E49 /* Storyboards */ = {
			isa = PBXGroup;
			children = (
				B5C1713520AB853B00BD9A6F /* Main.storyboard */,
				B5C1713A20AB853E00BD9A6F /* LaunchScreen.storyboard */,
			);
			path = Storyboards;
			sourceTree = "<group>";
		};
		B5ACBC2320ACA26600D01E49 /* Global */ = {
			isa = PBXGroup;
			children = (
				B5C1712F20AB853B00BD9A6F /* AppDelegate.h */,
				B5C1713020AB853B00BD9A6F /* AppDelegate.m */,
				B5C1713E20AB853E00BD9A6F /* main.m */,
				B5ACBC2420ACA38E00D01E49 /* NSString+CredentialValidation.h */,
				B5ACBC2520ACA38E00D01E49 /* NSString+CredentialValidation.m */,
			);
			path = Global;
			sourceTree = "<group>";
		};
		B5ACBC2720ACC0DC00D01E49 /* Classes */ = {
			isa = PBXGroup;
			children = (
				B5ACBC1F20ACA1E200D01E49 /* Controllers */,
				B5ACBC2320ACA26600D01E49 /* Global */,
				B5ACBC1D20ACA19800D01E49 /* Models */,
				B5ACBC2020ACA1E900D01E49 /* ViewControllers */,
			);
			path = Classes;
			sourceTree = "<group>";
		};
		B5C1712320AB853B00BD9A6F = {
			isa = PBXGroup;
			children = (
				B5C1712E20AB853B00BD9A6F /* Helping Hand */,
				B5C1714720AB853E00BD9A6F /* Helping HandTests */,
				B5C1715220AB853E00BD9A6F /* Helping HandUITests */,
				B5C1712D20AB853B00BD9A6F /* Products */,
			);
			sourceTree = "<group>";
		};
		B5C1712D20AB853B00BD9A6F /* Products */ = {
			isa = PBXGroup;
			children = (
				B5C1712C20AB853B00BD9A6F /* Helping Hand.app */,
				B5C1714420AB853E00BD9A6F /* Helping HandTests.xctest */,
				B5C1714F20AB853E00BD9A6F /* Helping HandUITests.xctest */,
			);
			name = Products;
			sourceTree = "<group>";
		};
		B5C1712E20AB853B00BD9A6F /* Helping Hand */ = {
			isa = PBXGroup;
			children = (
				B5ACBC2720ACC0DC00D01E49 /* Classes */,
				B5ACBC2120ACA1FA00D01E49 /* Resources */,
			);
			path = "Helping Hand";
			sourceTree = "<group>";
		};
		B5C1714720AB853E00BD9A6F /* Helping HandTests */ = {
			isa = PBXGroup;
			children = (
				B5C1714820AB853E00BD9A6F /* Helping_HandTests.m */,
				B5C1714A20AB853E00BD9A6F /* Info.plist */,
			);
			path = "Helping HandTests";
			sourceTree = "<group>";
		};
		B5C1715220AB853E00BD9A6F /* Helping HandUITests */ = {
			isa = PBXGroup;
			children = (
				B5C1715320AB853E00BD9A6F /* Helping_HandUITests.m */,
				B5C1715520AB853E00BD9A6F /* Info.plist */,
			);
			path = "Helping HandUITests";
			sourceTree = "<group>";
		};
/* End PBXGroup section */

/* Begin PBXNativeTarget section */
		B5C1712B20AB853B00BD9A6F /* Helping Hand */ = {
			isa = PBXNativeTarget;
			buildConfigurationList = B5C1715820AB853E00BD9A6F /* Build configuration list for PBXNativeTarget "Helping Hand" */;
			buildPhases = (
				B5C1712820AB853B00BD9A6F /* Sources */,
				B5C1712920AB853B00BD9A6F /* Frameworks */,
				B5C1712A20AB853B00BD9A6F /* Resources */,
			);
			buildRules = (
			);
			dependencies = (
			);
			name = "Helping Hand";
			productName = "Helping Hand";
			productReference = B5C1712C20AB853B00BD9A6F /* Helping Hand.app */;
			productType = "com.apple.product-type.application";
		};
		B5C1714320AB853E00BD9A6F /* Helping HandTests */ = {
			isa = PBXNativeTarget;
			buildConfigurationList = B5C1715B20AB853E00BD9A6F /* Build configuration list for PBXNativeTarget "Helping HandTests" */;
			buildPhases = (
				B5C1714020AB853E00BD9A6F /* Sources */,
				B5C1714120AB853E00BD9A6F /* Frameworks */,
				B5C1714220AB853E00BD9A6F /* Resources */,
			);
			buildRules = (
			);
			dependencies = (
				B5C1714620AB853E00BD9A6F /* PBXTargetDependency */,
			);
			name = "Helping HandTests";
			productName = "Helping HandTests";
			productReference = B5C1714420AB853E00BD9A6F /* Helping HandTests.xctest */;
			productType = "com.apple.product-type.bundle.unit-test";
		};
		B5C1714E20AB853E00BD9A6F /* Helping HandUITests */ = {
			isa = PBXNativeTarget;
			buildConfigurationList = B5C1715E20AB853E00BD9A6F /* Build configuration list for PBXNativeTarget "Helping HandUITests" */;
			buildPhases = (
				B5C1714B20AB853E00BD9A6F /* Sources */,
				B5C1714C20AB853E00BD9A6F /* Frameworks */,
				B5C1714D20AB853E00BD9A6F /* Resources */,
			);
			buildRules = (
			);
			dependencies = (
				B5C1715120AB853E00BD9A6F /* PBXTargetDependency */,
			);
			name = "Helping HandUITests";
			productName = "Helping HandUITests";
			productReference = B5C1714F20AB853E00BD9A6F /* Helping HandUITests.xctest */;
			productType = "com.apple.product-type.bundle.ui-testing";
		};
/* End PBXNativeTarget section */

/* Begin PBXProject section */
		B5C1712420AB853B00BD9A6F /* Project object */ = {
			isa = PBXProject;
			attributes = {
				LastUpgradeCheck = 0930;
				ORGANIZATIONNAME = HelpingHand;
				TargetAttributes = {
					B5C1712B20AB853B00BD9A6F = {
						CreatedOnToolsVersion = 9.3.1;
					};
					B5C1714320AB853E00BD9A6F = {
						CreatedOnToolsVersion = 9.3.1;
						TestTargetID = B5C1712B20AB853B00BD9A6F;
					};
					B5C1714E20AB853E00BD9A6F = {
						CreatedOnToolsVersion = 9.3.1;
						TestTargetID = B5C1712B20AB853B00BD9A6F;
					};
				};
			};
			buildConfigurationList = B5C1712720AB853B00BD9A6F /* Build configuration list for PBXProject "Helping Hand" */;
			compatibilityVersion = "Xcode 9.3";
			developmentRegion = en;
			hasScannedForEncodings = 0;
			knownRegions = (
				en,
				Base,
			);
			mainGroup = B5C1712320AB853B00BD9A6F;
			productRefGroup = B5C1712D20AB853B00BD9A6F /* Products */;
			projectDirPath = "";
			projectRoot = "";
			targets = (
				B5C1712B20AB853B00BD9A6F /* Helping Hand */,
				B5C1714320AB853E00BD9A6F /* Helping HandTests */,
				B5C1714E20AB853E00BD9A6F /* Helping HandUITests */,
			);
		};
/* End PBXProject section */

/* Begin PBXResourcesBuildPhase section */
		B5C1712A20AB853B00BD9A6F /* Resources */ = {
			isa = PBXResourcesBuildPhase;
			buildActionMask = 2147483647;
			files = (
				B5C1713C20AB853E00BD9A6F /* LaunchScreen.storyboard in Resources */,
				B5C1713920AB853E00BD9A6F /* Assets.xcassets in Resources */,
				B5C1713720AB853B00BD9A6F /* Main.storyboard in Resources */,
			);
			runOnlyForDeploymentPostprocessing = 0;
		};
		B5C1714220AB853E00BD9A6F /* Resources */ = {
			isa = PBXResourcesBuildPhase;
			buildActionMask = 2147483647;
			files = (
			);
			runOnlyForDeploymentPostprocessing = 0;
		};
		B5C1714D20AB853E00BD9A6F /* Resources */ = {
			isa = PBXResourcesBuildPhase;
			buildActionMask = 2147483647;
			files = (
			);
			runOnlyForDeploymentPostprocessing = 0;
		};
/* End PBXResourcesBuildPhase section */

/* Begin PBXSourcesBuildPhase section */
		B5C1712820AB853B00BD9A6F /* Sources */ = {
			isa = PBXSourcesBuildPhase;
			buildActionMask = 2147483647;
			files = (
				B5FEF58C20AF8F18003287E0 /* ServerController.m in Sources */,
				B5C1713420AB853B00BD9A6F /* LoginViewController.m in Sources */,
				B5FEF58620ADD874003287E0 /* RegisterViewController.m in Sources */,
				B5C1713F20AB853E00BD9A6F /* main.m in Sources */,
				B5C1713120AB853B00BD9A6F /* AppDelegate.m in Sources */,
				B5FEF58320ADD85C003287E0 /* MainViewController.m in Sources */,
				B5ACBC2620ACA38E00D01E49 /* NSString+CredentialValidation.m in Sources */,
			);
			runOnlyForDeploymentPostprocessing = 0;
		};
		B5C1714020AB853E00BD9A6F /* Sources */ = {
			isa = PBXSourcesBuildPhase;
			buildActionMask = 2147483647;
			files = (
				B5C1714920AB853E00BD9A6F /* Helping_HandTests.m in Sources */,
			);
			runOnlyForDeploymentPostprocessing = 0;
		};
		B5C1714B20AB853E00BD9A6F /* Sources */ = {
			isa = PBXSourcesBuildPhase;
			buildActionMask = 2147483647;
			files = (
				B5C1715420AB853E00BD9A6F /* Helping_HandUITests.m in Sources */,
			);
			runOnlyForDeploymentPostprocessing = 0;
		};
/* End PBXSourcesBuildPhase section */

/* Begin PBXTargetDependency section */
		B5C1714620AB853E00BD9A6F /* PBXTargetDependency */ = {
			isa = PBXTargetDependency;
			target = B5C1712B20AB853B00BD9A6F /* Helping Hand */;
			targetProxy = B5C1714520AB853E00BD9A6F /* PBXContainerItemProxy */;
		};
		B5C1715120AB853E00BD9A6F /* PBXTargetDependency */ = {
			isa = PBXTargetDependency;
			target = B5C1712B20AB853B00BD9A6F /* Helping Hand */;
			targetProxy = B5C1715020AB853E00BD9A6F /* PBXContainerItemProxy */;
		};
/* End PBXTargetDependency section */

/* Begin PBXVariantGroup section */
		B5C1713520AB853B00BD9A6F /* Main.storyboard */ = {
			isa = PBXVariantGroup;
			children = (
				B5C1713620AB853B00BD9A6F /* Base */,
			);
			name = Main.storyboard;
			sourceTree = "<group>";
		};
		B5C1713A20AB853E00BD9A6F /* LaunchScreen.storyboard */ = {
			isa = PBXVariantGroup;
			children = (
				B5C1713B20AB853E00BD9A6F /* Base */,
			);
			name = LaunchScreen.storyboard;
			sourceTree = "<group>";
		};
/* End PBXVariantGroup section */

/* Begin XCBuildConfiguration section */
		B5C1715620AB853E00BD9A6F /* Debug */ = {
			isa = XCBuildConfiguration;
			buildSettings = {
				ALWAYS_SEARCH_USER_PATHS = NO;
				CLANG_ANALYZER_NONNULL = YES;
				CLANG_ANALYZER_NUMBER_OBJECT_CONVERSION = YES_AGGRESSIVE;
				CLANG_CXX_LANGUAGE_STANDARD = "gnu++14";
				CLANG_CXX_LIBRARY = "libc++";
				CLANG_ENABLE_MODULES = YES;
				CLANG_ENABLE_OBJC_ARC = YES;
				CLANG_ENABLE_OBJC_WEAK = YES;
				CLANG_WARN_BLOCK_CAPTURE_AUTORELEASING = YES;
				CLANG_WARN_BOOL_CONVERSION = YES;
				CLANG_WARN_COMMA = YES;
				CLANG_WARN_CONSTANT_CONVERSION = YES;
				CLANG_WARN_DEPRECATED_OBJC_IMPLEMENTATIONS = YES;
				CLANG_WARN_DIRECT_OBJC_ISA_USAGE = YES_ERROR;
				CLANG_WARN_DOCUMENTATION_COMMENTS = YES;
				CLANG_WARN_EMPTY_BODY = YES;
				CLANG_WARN_ENUM_CONVERSION = YES;
				CLANG_WARN_INFINITE_RECURSION = YES;
				CLANG_WARN_INT_CONVERSION = YES;
				CLANG_WARN_NON_LITERAL_NULL_CONVERSION = YES;
				CLANG_WARN_OBJC_IMPLICIT_RETAIN_SELF = YES;
				CLANG_WARN_OBJC_LITERAL_CONVERSION = YES;
				CLANG_WARN_OBJC_ROOT_CLASS = YES_ERROR;
				CLANG_WARN_RANGE_LOOP_ANALYSIS = YES;
				CLANG_WARN_STRICT_PROTOTYPES = YES;
				CLANG_WARN_SUSPICIOUS_MOVE = YES;
				CLANG_WARN_UNGUARDED_AVAILABILITY = YES_AGGRESSIVE;
				CLANG_WARN_UNREACHABLE_CODE = YES;
				CLANG_WARN__DUPLICATE_METHOD_MATCH = YES;
				CODE_SIGN_IDENTITY = "iPhone Developer";
				COPY_PHASE_STRIP = NO;
				DEBUG_INFORMATION_FORMAT = dwarf;
				ENABLE_STRICT_OBJC_MSGSEND = YES;
				ENABLE_TESTABILITY = YES;
				GCC_C_LANGUAGE_STANDARD = gnu11;
				GCC_DYNAMIC_NO_PIC = NO;
				GCC_NO_COMMON_BLOCKS = YES;
				GCC_OPTIMIZATION_LEVEL = 0;
				GCC_PREPROCESSOR_DEFINITIONS = (
					"DEBUG=1",
					"$(inherited)",
				);
				GCC_WARN_64_TO_32_BIT_CONVERSION = YES;
				GCC_WARN_ABOUT_RETURN_TYPE = YES_ERROR;
				GCC_WARN_UNDECLARED_SELECTOR = YES;
				GCC_WARN_UNINITIALIZED_AUTOS = YES_AGGRESSIVE;
				GCC_WARN_UNUSED_FUNCTION = YES;
				GCC_WARN_UNUSED_VARIABLE = YES;
				IPHONEOS_DEPLOYMENT_TARGET = 11.3;
				MTL_ENABLE_DEBUG_INFO = YES;
				ONLY_ACTIVE_ARCH = YES;
				SDKROOT = iphoneos;
			};
			name = Debug;
		};
		B5C1715720AB853E00BD9A6F /* Release */ = {
			isa = XCBuildConfiguration;
			buildSettings = {
				ALWAYS_SEARCH_USER_PATHS = NO;
				CLANG_ANALYZER_NONNULL = YES;
				CLANG_ANALYZER_NUMBER_OBJECT_CONVERSION = YES_AGGRESSIVE;
				CLANG_CXX_LANGUAGE_STANDARD = "gnu++14";
				CLANG_CXX_LIBRARY = "libc++";
				CLANG_ENABLE_MODULES = YES;
				CLANG_ENABLE_OBJC_ARC = YES;
				CLANG_ENABLE_OBJC_WEAK = YES;
				CLANG_WARN_BLOCK_CAPTURE_AUTORELEASING = YES;
				CLANG_WARN_BOOL_CONVERSION = YES;
				CLANG_WARN_COMMA = YES;
				CLANG_WARN_CONSTANT_CONVERSION = YES;
				CLANG_WARN_DEPRECATED_OBJC_IMPLEMENTATIONS = YES;
				CLANG_WARN_DIRECT_OBJC_ISA_USAGE = YES_ERROR;
				CLANG_WARN_DOCUMENTATION_COMMENTS = YES;
				CLANG_WARN_EMPTY_BODY = YES;
				CLANG_WARN_ENUM_CONVERSION = YES;
				CLANG_WARN_INFINITE_RECURSION = YES;
				CLANG_WARN_INT_CONVERSION = YES;
				CLANG_WARN_NON_LITERAL_NULL_CONVERSION = YES;
				CLANG_WARN_OBJC_IMPLICIT_RETAIN_SELF = YES;
				CLANG_WARN_OBJC_LITERAL_CONVERSION = YES;
				CLANG_WARN_OBJC_ROOT_CLASS = YES_ERROR;
				CLANG_WARN_RANGE_LOOP_ANALYSIS = YES;
				CLANG_WARN_STRICT_PROTOTYPES = YES;
				CLANG_WARN_SUSPICIOUS_MOVE = YES;
				CLANG_WARN_UNGUARDED_AVAILABILITY = YES_AGGRESSIVE;
				CLANG_WARN_UNREACHABLE_CODE = YES;
				CLANG_WARN__DUPLICATE_METHOD_MATCH = YES;
				CODE_SIGN_IDENTITY = "iPhone Developer";
				COPY_PHASE_STRIP = NO;
				DEBUG_INFORMATION_FORMAT = "dwarf-with-dsym";
				ENABLE_NS_ASSERTIONS = NO;
				ENABLE_STRICT_OBJC_MSGSEND = YES;
				GCC_C_LANGUAGE_STANDARD = gnu11;
				GCC_NO_COMMON_BLOCKS = YES;
				GCC_WARN_64_TO_32_BIT_CONVERSION = YES;
				GCC_WARN_ABOUT_RETURN_TYPE = YES_ERROR;
				GCC_WARN_UNDECLARED_SELECTOR = YES;
				GCC_WARN_UNINITIALIZED_AUTOS = YES_AGGRESSIVE;
				GCC_WARN_UNUSED_FUNCTION = YES;
				GCC_WARN_UNUSED_VARIABLE = YES;
				IPHONEOS_DEPLOYMENT_TARGET = 11.3;
				MTL_ENABLE_DEBUG_INFO = NO;
				SDKROOT = iphoneos;
				VALIDATE_PRODUCT = YES;
			};
			name = Release;
		};
		B5C1715920AB853E00BD9A6F /* Debug */ = {
			isa = XCBuildConfiguration;
			buildSettings = {
				ASSETCATALOG_COMPILER_APPICON_NAME = AppIcon;
				CODE_SIGN_STYLE = Automatic;
				DEVELOPMENT_TEAM = E6L87X35L9;
				INFOPLIST_FILE = "Helping Hand/Info.plist";
				LD_RUNPATH_SEARCH_PATHS = (
					"$(inherited)",
					"@executable_path/Frameworks",
				);
				PRODUCT_BUNDLE_IDENTIFIER = "HelpingHand.Helping-Hand";
				PRODUCT_NAME = "$(TARGET_NAME)";
				TARGETED_DEVICE_FAMILY = "1,2";
			};
			name = Debug;
		};
		B5C1715A20AB853E00BD9A6F /* Release */ = {
			isa = XCBuildConfiguration;
			buildSettings = {
				ASSETCATALOG_COMPILER_APPICON_NAME = AppIcon;
				CODE_SIGN_STYLE = Automatic;
				DEVELOPMENT_TEAM = E6L87X35L9;
				INFOPLIST_FILE = "Helping Hand/Info.plist";
				LD_RUNPATH_SEARCH_PATHS = (
					"$(inherited)",
					"@executable_path/Frameworks",
				);
				PRODUCT_BUNDLE_IDENTIFIER = "HelpingHand.Helping-Hand";
				PRODUCT_NAME = "$(TARGET_NAME)";
				TARGETED_DEVICE_FAMILY = "1,2";
			};
			name = Release;
		};
		B5C1715C20AB853E00BD9A6F /* Debug */ = {
			isa = XCBuildConfiguration;
			buildSettings = {
				BUNDLE_LOADER = "$(TEST_HOST)";
				CODE_SIGN_STYLE = Automatic;
				DEVELOPMENT_TEAM = E6L87X35L9;
				INFOPLIST_FILE = "Helping HandTests/Info.plist";
				LD_RUNPATH_SEARCH_PATHS = (
					"$(inherited)",
					"@executable_path/Frameworks",
					"@loader_path/Frameworks",
				);
				PRODUCT_BUNDLE_IDENTIFIER = "HelpingHand.Helping-HandTests";
				PRODUCT_NAME = "$(TARGET_NAME)";
				TARGETED_DEVICE_FAMILY = "1,2";
				TEST_HOST = "$(BUILT_PRODUCTS_DIR)/Helping Hand.app/Helping Hand";
			};
			name = Debug;
		};
		B5C1715D20AB853E00BD9A6F /* Release */ = {
			isa = XCBuildConfiguration;
			buildSettings = {
				BUNDLE_LOADER = "$(TEST_HOST)";
				CODE_SIGN_STYLE = Automatic;
				DEVELOPMENT_TEAM = E6L87X35L9;
				INFOPLIST_FILE = "Helping HandTests/Info.plist";
				LD_RUNPATH_SEARCH_PATHS = (
					"$(inherited)",
					"@executable_path/Frameworks",
					"@loader_path/Frameworks",
				);
				PRODUCT_BUNDLE_IDENTIFIER = "HelpingHand.Helping-HandTests";
				PRODUCT_NAME = "$(TARGET_NAME)";
				TARGETED_DEVICE_FAMILY = "1,2";
				TEST_HOST = "$(BUILT_PRODUCTS_DIR)/Helping Hand.app/Helping Hand";
			};
			name = Release;
		};
		B5C1715F20AB853E00BD9A6F /* Debug */ = {
			isa = XCBuildConfiguration;
			buildSettings = {
				CODE_SIGN_STYLE = Automatic;
				DEVELOPMENT_TEAM = E6L87X35L9;
				INFOPLIST_FILE = "Helping HandUITests/Info.plist";
				LD_RUNPATH_SEARCH_PATHS = (
					"$(inherited)",
					"@executable_path/Frameworks",
					"@loader_path/Frameworks",
				);
				PRODUCT_BUNDLE_IDENTIFIER = "HelpingHand.Helping-HandUITests";
				PRODUCT_NAME = "$(TARGET_NAME)";
				TARGETED_DEVICE_FAMILY = "1,2";
				TEST_TARGET_NAME = "Helping Hand";
			};
			name = Debug;
		};
		B5C1716020AB853E00BD9A6F /* Release */ = {
			isa = XCBuildConfiguration;
			buildSettings = {
				CODE_SIGN_STYLE = Automatic;
				DEVELOPMENT_TEAM = E6L87X35L9;
				INFOPLIST_FILE = "Helping HandUITests/Info.plist";
				LD_RUNPATH_SEARCH_PATHS = (
					"$(inherited)",
					"@executable_path/Frameworks",
					"@loader_path/Frameworks",
				);
				PRODUCT_BUNDLE_IDENTIFIER = "HelpingHand.Helping-HandUITests";
				PRODUCT_NAME = "$(TARGET_NAME)";
				TARGETED_DEVICE_FAMILY = "1,2";
				TEST_TARGET_NAME = "Helping Hand";
			};
			name = Release;
		};
/* End XCBuildConfiguration section */

/* Begin XCConfigurationList section */
		B5C1712720AB853B00BD9A6F /* Build configuration list for PBXProject "Helping Hand" */ = {
			isa = XCConfigurationList;
			buildConfigurations = (
				B5C1715620AB853E00BD9A6F /* Debug */,
				B5C1715720AB853E00BD9A6F /* Release */,
			);
			defaultConfigurationIsVisible = 0;
			defaultConfigurationName = Release;
		};
		B5C1715820AB853E00BD9A6F /* Build configuration list for PBXNativeTarget "Helping Hand" */ = {
			isa = XCConfigurationList;
			buildConfigurations = (
				B5C1715920AB853E00BD9A6F /* Debug */,
				B5C1715A20AB853E00BD9A6F /* Release */,
			);
			defaultConfigurationIsVisible = 0;
			defaultConfigurationName = Release;
		};
		B5C1715B20AB853E00BD9A6F /* Build configuration list for PBXNativeTarget "Helping HandTests" */ = {
			isa = XCConfigurationList;
			buildConfigurations = (
				B5C1715C20AB853E00BD9A6F /* Debug */,
				B5C1715D20AB853E00BD9A6F /* Release */,
			);
			defaultConfigurationIsVisible = 0;
			defaultConfigurationName = Release;
		};
		B5C1715E20AB853E00BD9A6F /* Build configuration list for PBXNativeTarget "Helping HandUITests" */ = {
			isa = XCConfigurationList;
			buildConfigurations = (
				B5C1715F20AB853E00BD9A6F /* Debug */,
				B5C1716020AB853E00BD9A6F /* Release */,
			);
			defaultConfigurationIsVisible = 0;
			defaultConfigurationName = Release;
		};
/* End XCConfigurationList section */
	};
	rootObject = B5C1712420AB853B00BD9A6F /* Project object */;
}
